{
  "name": "kotlinjsext",
  "version": "1.0.0",
  "lockfileVersion": 2,
  "requires": true,
  "packages": {
    "": {
      "name": "kotlinjsext",
      "version": "1.0.0",
      "license": "ISC",
      "dependencies": {
        "kotlin": "^1.6.10"
      }
    },
    "node_modules/kotlin": {
      "version": "1.6.10",
      "resolved": "https://registry.npmjs.org/kotlin/-/kotlin-1.6.10.tgz",
      "integrity": "sha512-iFH1J4UtlqZScFfY77OhMgoxaQoZKC+eXYBRrU0LON24HIT/sHJBnySPWPqKOjjFn9uarhA2NoaVrvhbHPPcSQ=="
    }
  },
  "dependencies": {
    "kotlin": {
      "version": "1.6.10",
      "resolved": "https://registry.npmjs.org/kotlin/-/kotlin-1.6.10.tgz",
      "integrity": "sha512-iFH1J4UtlqZScFfY77OhMgoxaQoZKC+eXYBRrU0LON24HIT/sHJBnySPWPqKOjjFn9uarhA2NoaVrvhbHPPcSQ=="
    }
  }
}
