{
  "name": "kotlinjsext",
  "version": "1.0.0",
  "lockfileVersion": 2,
  "requires": true,
  "packages": {
    "": {
      "name": "kotlinjsext",
      "version": "1.0.0",
      "hasInstallScript": true,
      "license": "ISC",
      "dependencies": {
        "kotlin": "^1.6.10"
      }
    },
    "build/js/packages/kotlinjsext": {
      "version": "0.0.0-unspecified",
      "extraneous": true,
      "dependencies": {
        "kotlin": "^1.5.31",
        "node-fetch": "^3.0.0"
      },
      "devDependencies": {}
    },
    "node_modules/kotlin": {
      "version": "1.6.10",
      "resolved": "https://registry.npmjs.org/kotlin/-/kotlin-1.6.10.tgz",
      "integrity": "sha512-iFH1J4UtlqZScFfY77OhMgoxaQoZKC+eXYBRrU0LON24HIT/sHJBnySPWPqKOjjFn9uarhA2NoaVrvhbHPPcSQ=="
    }
  },
  "dependencies": {
    "kotlin": {
      "version": "1.6.10",
      "resolved": "https://registry.npmjs.org/kotlin/-/kotlin-1.6.10.tgz",
      "integrity": "sha512-iFH1J4UtlqZScFfY77OhMgoxaQoZKC+eXYBRrU0LON24HIT/sHJBnySPWPqKOjjFn9uarhA2NoaVrvhbHPPcSQ=="
    }
  }
}
